
Microsoft Visual Studio Solution File, Format Version 12.00
# Visual Studio 15
VisualStudioVersion = 15.0.28010.2048
MinimumVisualStudioVersion = 10.0.40219.1
Project("{2150E333-8FDC-42A3-9474-1A3956D46DE8}") = "ChangeScriptDB", "ChangeScriptDB", "{FE4BB0AA-4688-483B-A326-0208EDD5A132}"
EndProject
Project("{2150E333-8FDC-42A3-9474-1A3956D46DE8}") = "Libraries", "Libraries", "{504F2AEA-2E2C-4F06-81B4-4932B26E5E0B}"
EndProject
Project("{2150E333-8FDC-42A3-9474-1A3956D46DE8}") = "Test", "Test", "{E9BA0D8F-B542-4819-9CE1-C3CC944A1C56}"
EndProject
Project("{2150E333-8FDC-42A3-9474-1A3956D46DE8}") = "Services", "Services", "{F59E50CE-7905-4D89-B423-562723D91912}"
EndProject
Project("{2150E333-8FDC-42A3-9474-1A3956D46DE8}") = "Presentation", "Presentation", "{14A2D2D8-2EC2-4164-BABE-79FA7086357E}"
EndProject
Project("{FAE04EC0-301F-11D3-BF4B-00C04F79EFBC}") = "Automanager.Admin", "Automanager.Admin\Automanager.Admin.csproj", "{2F077ACA-EA52-4ADC-9055-4D34AC252D09}"
EndProject
Project("{FAE04EC0-301F-11D3-BF4B-00C04F79EFBC}") = "Automanager.Web", "Automanager.Web\Automanager.Web.csproj", "{14FB7D8B-6534-4BBD-A75F-E958077B8005}"
EndProject
Project("{FAE04EC0-301F-11D3-BF4B-00C04F79EFBC}") = "Automanager.API", "Automanager.API\Automanager.API.csproj", "{6C290131-EEDE-4E13-982E-5F2E1CC34537}"
EndProject
Project("{FAE04EC0-301F-11D3-BF4B-00C04F79EFBC}") = "Aumanager.UnitTest", "Aumanager.UnitTest\Aumanager.UnitTest.csproj", "{1076C5A5-5020-4CE6-A117-88B465C5EE55}"
EndProject
Project("{FAE04EC0-301F-11D3-BF4B-00C04F79EFBC}") = "Automanager.Services", "Automanager.Services\Automanager.Services.csproj", "{8A1E4EC3-B344-43BB-B778-0ECE9631119A}"
EndProject
Project("{FAE04EC0-301F-11D3-BF4B-00C04F79EFBC}") = "Automanager.LogServices", "Automanager.LogServices\Automanager.LogServices.csproj", "{BA187DBE-60CF-4AFD-A751-3B21C010FDF6}"
EndProject
Project("{FAE04EC0-301F-11D3-BF4B-00C04F79EFBC}") = "Automanager.Core", "Automanager.Core\Automanager.Core.csproj", "{B2E63672-5427-461E-928F-CC29BF3FDA73}"
EndProject
Project("{FAE04EC0-301F-11D3-BF4B-00C04F79EFBC}") = "Automanager.Data", "Automanager.Data\Automanager.Data.csproj", "{343FD2C7-CE2D-4262-8F02-E4E6048E7CB8}"
EndProject
Project("{FAE04EC0-301F-11D3-BF4B-00C04F79EFBC}") = "Automanager.Entity", "Automanager.Entity\Automanager.Entity.csproj", "{32C80EAF-B1D6-4F76-BFE0-B60EF252E24D}"
EndProject
Project("{FAE04EC0-301F-11D3-BF4B-00C04F79EFBC}") = "Automanager.RepoInterface", "Automanager.RepoInterface\Automanager.RepoInterface.csproj", "{7B91E407-DB90-449D-9CBE-191303AF5AFD}"
EndProject
Project("{FAE04EC0-301F-11D3-BF4B-00C04F79EFBC}") = "Automanager.RepoImpl", "Automanager.RepoImpl\Automanager.RepoImpl.csproj", "{C94B2C37-E962-4AA9-BFD7-78F0A570EB8A}"
EndProject
Project("{FAE04EC0-301F-11D3-BF4B-00C04F79EFBC}") = "Automanager.Resource", "Automanager.Resource\Automanager.Resource.csproj", "{486062FC-682A-4CED-BCA2-93B9F4135BC2}"
EndProject
Project("{FAE04EC0-301F-11D3-BF4B-00C04F79EFBC}") = "Automanager.Libraries", "Automanager.Libraries\Automanager.Libraries.csproj", "{D9D151BF-FE49-49B9-8DCB-0998D25BE8E9}"
EndProject
Global
	GlobalSection(SolutionConfigurationPlatforms) = preSolution
		Debug|Any CPU = Debug|Any CPU
		Release|Any CPU = Release|Any CPU
	EndGlobalSection
	GlobalSection(ProjectConfigurationPlatforms) = postSolution
		{2F077ACA-EA52-4ADC-9055-4D34AC252D09}.Debug|Any CPU.ActiveCfg = Debug|Any CPU
		{2F077ACA-EA52-4ADC-9055-4D34AC252D09}.Debug|Any CPU.Build.0 = Debug|Any CPU
		{2F077ACA-EA52-4ADC-9055-4D34AC252D09}.Release|Any CPU.ActiveCfg = Release|Any CPU
		{2F077ACA-EA52-4ADC-9055-4D34AC252D09}.Release|Any CPU.Build.0 = Release|Any CPU
		{14FB7D8B-6534-4BBD-A75F-E958077B8005}.Debug|Any CPU.ActiveCfg = Debug|Any CPU
		{14FB7D8B-6534-4BBD-A75F-E958077B8005}.Debug|Any CPU.Build.0 = Debug|Any CPU
		{14FB7D8B-6534-4BBD-A75F-E958077B8005}.Release|Any CPU.ActiveCfg = Release|Any CPU
		{14FB7D8B-6534-4BBD-A75F-E958077B8005}.Release|Any CPU.Build.0 = Release|Any CPU
		{6C290131-EEDE-4E13-982E-5F2E1CC34537}.Debug|Any CPU.ActiveCfg = Debug|Any CPU
		{6C290131-EEDE-4E13-982E-5F2E1CC34537}.Debug|Any CPU.Build.0 = Debug|Any CPU
		{6C290131-EEDE-4E13-982E-5F2E1CC34537}.Release|Any CPU.ActiveCfg = Release|Any CPU
		{6C290131-EEDE-4E13-982E-5F2E1CC34537}.Release|Any CPU.Build.0 = Release|Any CPU
		{1076C5A5-5020-4CE6-A117-88B465C5EE55}.Debug|Any CPU.ActiveCfg = Debug|Any CPU
		{1076C5A5-5020-4CE6-A117-88B465C5EE55}.Debug|Any CPU.Build.0 = Debug|Any CPU
		{1076C5A5-5020-4CE6-A117-88B465C5EE55}.Release|Any CPU.ActiveCfg = Release|Any CPU
		{1076C5A5-5020-4CE6-A117-88B465C5EE55}.Release|Any CPU.Build.0 = Release|Any CPU
		{8A1E4EC3-B344-43BB-B778-0ECE9631119A}.Debug|Any CPU.ActiveCfg = Debug|Any CPU
		{8A1E4EC3-B344-43BB-B778-0ECE9631119A}.Debug|Any CPU.Build.0 = Debug|Any CPU
		{8A1E4EC3-B344-43BB-B778-0ECE9631119A}.Release|Any CPU.ActiveCfg = Release|Any CPU
		{8A1E4EC3-B344-43BB-B778-0ECE9631119A}.Release|Any CPU.Build.0 = Release|Any CPU
		{BA187DBE-60CF-4AFD-A751-3B21C010FDF6}.Debug|Any CPU.ActiveCfg = Debug|Any CPU
		{BA187DBE-60CF-4AFD-A751-3B21C010FDF6}.Debug|Any CPU.Build.0 = Debug|Any CPU
		{BA187DBE-60CF-4AFD-A751-3B21C010FDF6}.Release|Any CPU.ActiveCfg = Release|Any CPU
		{BA187DBE-60CF-4AFD-A751-3B21C010FDF6}.Release|Any CPU.Build.0 = Release|Any CPU
		{B2E63672-5427-461E-928F-CC29BF3FDA73}.Debug|Any CPU.ActiveCfg = Debug|Any CPU
		{B2E63672-5427-461E-928F-CC29BF3FDA73}.Debug|Any CPU.Build.0 = Debug|Any CPU
		{B2E63672-5427-461E-928F-CC29BF3FDA73}.Release|Any CPU.ActiveCfg = Release|Any CPU
		{B2E63672-5427-461E-928F-CC29BF3FDA73}.Release|Any CPU.Build.0 = Release|Any CPU
		{343FD2C7-CE2D-4262-8F02-E4E6048E7CB8}.Debug|Any CPU.ActiveCfg = Debug|Any CPU
		{343FD2C7-CE2D-4262-8F02-E4E6048E7CB8}.Debug|Any CPU.Build.0 = Debug|Any CPU
		{343FD2C7-CE2D-4262-8F02-E4E6048E7CB8}.Release|Any CPU.ActiveCfg = Release|Any CPU
		{343FD2C7-CE2D-4262-8F02-E4E6048E7CB8}.Release|Any CPU.Build.0 = Release|Any CPU
		{32C80EAF-B1D6-4F76-BFE0-B60EF252E24D}.Debug|Any CPU.ActiveCfg = Debug|Any CPU
		{32C80EAF-B1D6-4F76-BFE0-B60EF252E24D}.Debug|Any CPU.Build.0 = Debug|Any CPU
		{32C80EAF-B1D6-4F76-BFE0-B60EF252E24D}.Release|Any CPU.ActiveCfg = Release|Any CPU
		{32C80EAF-B1D6-4F76-BFE0-B60EF252E24D}.Release|Any CPU.Build.0 = Release|Any CPU
		{7B91E407-DB90-449D-9CBE-191303AF5AFD}.Debug|Any CPU.ActiveCfg = Debug|Any CPU
		{7B91E407-DB90-449D-9CBE-191303AF5AFD}.Debug|Any CPU.Build.0 = Debug|Any CPU
		{7B91E407-DB90-449D-9CBE-191303AF5AFD}.Release|Any CPU.ActiveCfg = Release|Any CPU
		{7B91E407-DB90-449D-9CBE-191303AF5AFD}.Release|Any CPU.Build.0 = Release|Any CPU
		{C94B2C37-E962-4AA9-BFD7-78F0A570EB8A}.Debug|Any CPU.ActiveCfg = Debug|Any CPU
		{C94B2C37-E962-4AA9-BFD7-78F0A570EB8A}.Debug|Any CPU.Build.0 = Debug|Any CPU
		{C94B2C37-E962-4AA9-BFD7-78F0A570EB8A}.Release|Any CPU.ActiveCfg = Release|Any CPU
		{C94B2C37-E962-4AA9-BFD7-78F0A570EB8A}.Release|Any CPU.Build.0 = Release|Any CPU
		{486062FC-682A-4CED-BCA2-93B9F4135BC2}.Debug|Any CPU.ActiveCfg = Debug|Any CPU
		{486062FC-682A-4CED-BCA2-93B9F4135BC2}.Debug|Any CPU.Build.0 = Debug|Any CPU
		{486062FC-682A-4CED-BCA2-93B9F4135BC2}.Release|Any CPU.ActiveCfg = Release|Any CPU
		{486062FC-682A-4CED-BCA2-93B9F4135BC2}.Release|Any CPU.Build.0 = Release|Any CPU
		{D9D151BF-FE49-49B9-8DCB-0998D25BE8E9}.Debug|Any CPU.ActiveCfg = Debug|Any CPU
		{D9D151BF-FE49-49B9-8DCB-0998D25BE8E9}.Debug|Any CPU.Build.0 = Debug|Any CPU
		{D9D151BF-FE49-49B9-8DCB-0998D25BE8E9}.Release|Any CPU.ActiveCfg = Release|Any CPU
		{D9D151BF-FE49-49B9-8DCB-0998D25BE8E9}.Release|Any CPU.Build.0 = Release|Any CPU
	EndGlobalSection
	GlobalSection(SolutionProperties) = preSolution
		HideSolutionNode = FALSE
	EndGlobalSection
	GlobalSection(NestedProjects) = preSolution
		{2F077ACA-EA52-4ADC-9055-4D34AC252D09} = {14A2D2D8-2EC2-4164-BABE-79FA7086357E}
		{14FB7D8B-6534-4BBD-A75F-E958077B8005} = {14A2D2D8-2EC2-4164-BABE-79FA7086357E}
		{6C290131-EEDE-4E13-982E-5F2E1CC34537} = {14A2D2D8-2EC2-4164-BABE-79FA7086357E}
		{1076C5A5-5020-4CE6-A117-88B465C5EE55} = {E9BA0D8F-B542-4819-9CE1-C3CC944A1C56}
		{8A1E4EC3-B344-43BB-B778-0ECE9631119A} = {F59E50CE-7905-4D89-B423-562723D91912}
		{BA187DBE-60CF-4AFD-A751-3B21C010FDF6} = {F59E50CE-7905-4D89-B423-562723D91912}
		{B2E63672-5427-461E-928F-CC29BF3FDA73} = {504F2AEA-2E2C-4F06-81B4-4932B26E5E0B}
		{343FD2C7-CE2D-4262-8F02-E4E6048E7CB8} = {504F2AEA-2E2C-4F06-81B4-4932B26E5E0B}
		{32C80EAF-B1D6-4F76-BFE0-B60EF252E24D} = {504F2AEA-2E2C-4F06-81B4-4932B26E5E0B}
		{7B91E407-DB90-449D-9CBE-191303AF5AFD} = {504F2AEA-2E2C-4F06-81B4-4932B26E5E0B}
		{C94B2C37-E962-4AA9-BFD7-78F0A570EB8A} = {504F2AEA-2E2C-4F06-81B4-4932B26E5E0B}
		{486062FC-682A-4CED-BCA2-93B9F4135BC2} = {504F2AEA-2E2C-4F06-81B4-4932B26E5E0B}
		{D9D151BF-FE49-49B9-8DCB-0998D25BE8E9} = {504F2AEA-2E2C-4F06-81B4-4932B26E5E0B}
	EndGlobalSection
	GlobalSection(ExtensibilityGlobals) = postSolution
		SolutionGuid = {A71EA29A-CC70-4F29-B5EF-4CE462E375E8}
	EndGlobalSection
EndGlobal
